
Microsoft Visual Studio Solution File, Format Version 12.00
# Visual Studio Version 17
VisualStudioVersion = 17.14.36109.1 d17.14
MinimumVisualStudioVersion = 10.0.40219.1
Project("{FAE04EC0-301F-11D3-BF4B-00C04F79EFBC}") = "eBasket.Backend.API", "eBasket.Backend.API\eBasket.Backend.API.csproj", "{CA0057C3-6FA4-4815-8B73-F068A26A8314}"
EndProject
Project("{FAE04EC0-301F-11D3-BF4B-00C04F79EFBC}") = "eBasket.Backend.Core", "eBasket.Backend.Core\eBasket.Backend.Core.csproj", "{39A8B4AC-547E-47FC-A083-432C27C849EE}"
EndProject
Project("{FAE04EC0-301F-11D3-BF4B-00C04F79EFBC}") = "eBasket.Backend.Infrastructure", "eBasket.Backend.Infrastructure\eBasket.Backend.Infrastructure.csproj", "{42E2B5CF-4AAD-4E53-9E75-AFBA26B84AFD}"
EndProject
Global
	GlobalSection(SolutionConfigurationPlatforms) = preSolution
		Debug|Any CPU = Debug|Any CPU
		Release|Any CPU = Release|Any CPU
	EndGlobalSection
	GlobalSection(ProjectConfigurationPlatforms) = postSolution
		{CA0057C3-6FA4-4815-8B73-F068A26A8314}.Debug|Any CPU.ActiveCfg = Debug|Any CPU
		{CA0057C3-6FA4-4815-8B73-F068A26A8314}.Debug|Any CPU.Build.0 = Debug|Any CPU
		{CA0057C3-6FA4-4815-8B73-F068A26A8314}.Release|Any CPU.ActiveCfg = Release|Any CPU
		{CA0057C3-6FA4-4815-8B73-F068A26A8314}.Release|Any CPU.Build.0 = Release|Any CPU
		{39A8B4AC-547E-47FC-A083-432C27C849EE}.Debug|Any CPU.ActiveCfg = Debug|Any CPU
		{39A8B4AC-547E-47FC-A083-432C27C849EE}.Debug|Any CPU.Build.0 = Debug|Any CPU
		{39A8B4AC-547E-47FC-A083-432C27C849EE}.Release|Any CPU.ActiveCfg = Release|Any CPU
		{39A8B4AC-547E-47FC-A083-432C27C849EE}.Release|Any CPU.Build.0 = Release|Any CPU
		{42E2B5CF-4AAD-4E53-9E75-AFBA26B84AFD}.Debug|Any CPU.ActiveCfg = Debug|Any CPU
		{42E2B5CF-4AAD-4E53-9E75-AFBA26B84AFD}.Debug|Any CPU.Build.0 = Debug|Any CPU
		{42E2B5CF-4AAD-4E53-9E75-AFBA26B84AFD}.Release|Any CPU.ActiveCfg = Release|Any CPU
		{42E2B5CF-4AAD-4E53-9E75-AFBA26B84AFD}.Release|Any CPU.Build.0 = Release|Any CPU
	EndGlobalSection
	GlobalSection(SolutionProperties) = preSolution
		HideSolutionNode = FALSE
	EndGlobalSection
	GlobalSection(ExtensibilityGlobals) = postSolution
		SolutionGuid = {E03E47A8-24E9-4451-BB9D-E3956FFC12A3}
	EndGlobalSection
EndGlobal
